
Microsoft Visual Studio Solution File, Format Version 12.00
# Visual Studio Version 17
VisualStudioVersion = 17.0.31611.283
MinimumVisualStudioVersion = 10.0.40219.1
Project("{9A19103F-16F7-4668-BE54-9A1E7A4F7556}") = "MonkeysMVVM", "MonkeysMVVM.csproj", "{9E3CCDEA-1409-43D6-B52A-B8CFA76A786B}"
EndProject
Project("{FAE04EC0-301F-11D3-BF4B-00C04F79EFBC}") = "StudentsCollection", "..\StudentsCollection\StudentsCollection.csproj", "{6766E501-BA5B-4BBD-A0D8-709473574890}"
EndProject
Global
	GlobalSection(SolutionConfigurationPlatforms) = preSolution
		Debug|Any CPU = Debug|Any CPU
		Release|Any CPU = Release|Any CPU
	EndGlobalSection
	GlobalSection(ProjectConfigurationPlatforms) = postSolution
		{9E3CCDEA-1409-43D6-B52A-B8CFA76A786B}.Debug|Any CPU.ActiveCfg = Debug|Any CPU
		{9E3CCDEA-1409-43D6-B52A-B8CFA76A786B}.Debug|Any CPU.Build.0 = Debug|Any CPU
		{9E3CCDEA-1409-43D6-B52A-B8CFA76A786B}.Debug|Any CPU.Deploy.0 = Debug|Any CPU
		{9E3CCDEA-1409-43D6-B52A-B8CFA76A786B}.Release|Any CPU.ActiveCfg = Release|Any CPU
		{9E3CCDEA-1409-43D6-B52A-B8CFA76A786B}.Release|Any CPU.Build.0 = Release|Any CPU
		{9E3CCDEA-1409-43D6-B52A-B8CFA76A786B}.Release|Any CPU.Deploy.0 = Release|Any CPU
		{6766E501-BA5B-4BBD-A0D8-709473574890}.Debug|Any CPU.ActiveCfg = Debug|Any CPU
		{6766E501-BA5B-4BBD-A0D8-709473574890}.Debug|Any CPU.Build.0 = Debug|Any CPU
		{6766E501-BA5B-4BBD-A0D8-709473574890}.Debug|Any CPU.Deploy.0 = Debug|Any CPU
		{6766E501-BA5B-4BBD-A0D8-709473574890}.Release|Any CPU.ActiveCfg = Release|Any CPU
		{6766E501-BA5B-4BBD-A0D8-709473574890}.Release|Any CPU.Build.0 = Release|Any CPU
		{6766E501-BA5B-4BBD-A0D8-709473574890}.Release|Any CPU.Deploy.0 = Release|Any CPU
	EndGlobalSection
	GlobalSection(SolutionProperties) = preSolution
		HideSolutionNode = FALSE
	EndGlobalSection
	GlobalSection(ExtensibilityGlobals) = postSolution
		SolutionGuid = {61F7FB11-1E47-470C-91E2-47F8143E1572}
	EndGlobalSection
EndGlobal
